{
  "name": "monero-merchant",
  "lockfileVersion": 2,
  "requires": true,
  "packages": {
    "": {
      "dependencies": {
        "monero-nodejs": "^3.2.2"
      }
    },
    "node_modules/monero-nodejs": {
      "version": "3.2.2",
      "resolved": "https://registry.npmjs.org/monero-nodejs/-/monero-nodejs-3.2.2.tgz",
      "integrity": "sha512-Rp682vN86TGaIqqAtFGJi7khW1WUeCVO0rZWoxfkCJpoovYmZdQRnW89DfR9lO013PQPnpp1BKT5TtBkMklBjA=="
    }
  },
  "dependencies": {
    "monero-nodejs": {
      "version": "3.2.2",
      "resolved": "https://registry.npmjs.org/monero-nodejs/-/monero-nodejs-3.2.2.tgz",
      "integrity": "sha512-Rp682vN86TGaIqqAtFGJi7khW1WUeCVO0rZWoxfkCJpoovYmZdQRnW89DfR9lO013PQPnpp1BKT5TtBkMklBjA=="
    }
  }
}
